
Microsoft Visual Studio Solution File, Format Version 12.00
# Visual Studio 14
VisualStudioVersion = 14.0.25420.1
MinimumVisualStudioVersion = 10.0.40219.1
Project("{FAE04EC0-301F-11D3-BF4B-00C04F79EFBC}") = "SerializeAndDeserialize", "SerializeAndDeserialize\SerializeAndDeserialize.csproj", "{BFD12016-7BC8-44FA-A917-7EE126B01424}"
EndProject
Project("{FAE04EC0-301F-11D3-BF4B-00C04F79EFBC}") = "SerializeAndDeserializeWeb", "SerializeAndDeserializeWeb\SerializeAndDeserializeWeb.csproj", "{D571BF35-5196-46B9-87F8-C9471AFFFF4F}"
EndProject
Project("{FAE04EC0-301F-11D3-BF4B-00C04F79EFBC}") = "WebServiceDeserialization", "WebServiceDeserialization\WebServiceDeserialization.csproj", "{AD52EABA-20E9-4371-B102-FA251EBF4548}"
EndProject
Project("{FAE04EC0-301F-11D3-BF4B-00C04F79EFBC}") = "EDP", "EDP\EDP.csproj", "{62B603CF-9FD4-4432-89BF-5CE0CCB76823}"
EndProject
Global
	GlobalSection(SolutionConfigurationPlatforms) = preSolution
		Debug|Any CPU = Debug|Any CPU
		Release|Any CPU = Release|Any CPU
	EndGlobalSection
	GlobalSection(ProjectConfigurationPlatforms) = postSolution
		{BFD12016-7BC8-44FA-A917-7EE126B01424}.Debug|Any CPU.ActiveCfg = Debug|Any CPU
		{BFD12016-7BC8-44FA-A917-7EE126B01424}.Debug|Any CPU.Build.0 = Debug|Any CPU
		{BFD12016-7BC8-44FA-A917-7EE126B01424}.Release|Any CPU.ActiveCfg = Release|Any CPU
		{BFD12016-7BC8-44FA-A917-7EE126B01424}.Release|Any CPU.Build.0 = Release|Any CPU
		{D571BF35-5196-46B9-87F8-C9471AFFFF4F}.Debug|Any CPU.ActiveCfg = Debug|Any CPU
		{D571BF35-5196-46B9-87F8-C9471AFFFF4F}.Debug|Any CPU.Build.0 = Debug|Any CPU
		{D571BF35-5196-46B9-87F8-C9471AFFFF4F}.Release|Any CPU.ActiveCfg = Release|Any CPU
		{D571BF35-5196-46B9-87F8-C9471AFFFF4F}.Release|Any CPU.Build.0 = Release|Any CPU
		{AD52EABA-20E9-4371-B102-FA251EBF4548}.Debug|Any CPU.ActiveCfg = Debug|Any CPU
		{AD52EABA-20E9-4371-B102-FA251EBF4548}.Debug|Any CPU.Build.0 = Debug|Any CPU
		{AD52EABA-20E9-4371-B102-FA251EBF4548}.Release|Any CPU.ActiveCfg = Release|Any CPU
		{AD52EABA-20E9-4371-B102-FA251EBF4548}.Release|Any CPU.Build.0 = Release|Any CPU
		{62B603CF-9FD4-4432-89BF-5CE0CCB76823}.Debug|Any CPU.ActiveCfg = Debug|Any CPU
		{62B603CF-9FD4-4432-89BF-5CE0CCB76823}.Debug|Any CPU.Build.0 = Debug|Any CPU
		{62B603CF-9FD4-4432-89BF-5CE0CCB76823}.Release|Any CPU.ActiveCfg = Release|Any CPU
		{62B603CF-9FD4-4432-89BF-5CE0CCB76823}.Release|Any CPU.Build.0 = Release|Any CPU
	EndGlobalSection
	GlobalSection(SolutionProperties) = preSolution
		HideSolutionNode = FALSE
	EndGlobalSection
EndGlobal
